
Microsoft Visual Studio Solution File, Format Version 12.00
# Visual Studio Version 17
VisualStudioVersion = 17.9.34728.123
MinimumVisualStudioVersion = 10.0.40219.1
Project("{FAE04EC0-301F-11D3-BF4B-00C04F79EFBC}") = "ListasEstudiar", "ListasEstudiar\ListasEstudiar.csproj", "{7502BD16-1796-4F59-A866-56009C471AE3}"
EndProject
Global
	GlobalSection(SolutionConfigurationPlatforms) = preSolution
		Debug|Any CPU = Debug|Any CPU
		Release|Any CPU = Release|Any CPU
	EndGlobalSection
	GlobalSection(ProjectConfigurationPlatforms) = postSolution
		{7502BD16-1796-4F59-A866-56009C471AE3}.Debug|Any CPU.ActiveCfg = Debug|Any CPU
		{7502BD16-1796-4F59-A866-56009C471AE3}.Debug|Any CPU.Build.0 = Debug|Any CPU
		{7502BD16-1796-4F59-A866-56009C471AE3}.Release|Any CPU.ActiveCfg = Release|Any CPU
		{7502BD16-1796-4F59-A866-56009C471AE3}.Release|Any CPU.Build.0 = Release|Any CPU
	EndGlobalSection
	GlobalSection(SolutionProperties) = preSolution
		HideSolutionNode = FALSE
	EndGlobalSection
	GlobalSection(ExtensibilityGlobals) = postSolution
		SolutionGuid = {E901DADB-BFD8-480B-B46A-4848E2B7AB11}
	EndGlobalSection
EndGlobal
